// !$*UTF8*$!
{
	archiveVersion = 1;
	classes = {
	};
	objectVersion = 46;
	objects = {

/* Begin PBXBuildFile section */
		DE87F38F1ECDA834009BE71F /* AppDelegate.swift in Sources */ = {isa = PBXBuildFile; fileRef = DE87F38E1ECDA834009BE71F /* AppDelegate.swift */; };
		DE87F3911ECDA834009BE71F /* ViewController.swift in Sources */ = {isa = PBXBuildFile; fileRef = DE87F3901ECDA834009BE71F /* ViewController.swift */; };
		DE87F3941ECDA834009BE71F /* Main.storyboard in Resources */ = {isa = PBXBuildFile; fileRef = DE87F3921ECDA834009BE71F /* Main.storyboard */; };
		DE87F3961ECDA834009BE71F /* Assets.xcassets in Resources */ = {isa = PBXBuildFile; fileRef = DE87F3951ECDA834009BE71F /* Assets.xcassets */; };
		DE87F3991ECDA834009BE71F /* LaunchScreen.storyboard in Resources */ = {isa = PBXBuildFile; fileRef = DE87F3971ECDA834009BE71F /* LaunchScreen.storyboard */; };
/* End PBXBuildFile section */

/* Begin PBXFileReference section */
		DE87F38B1ECDA834009BE71F /* Timer Led Version 1.0.app */ = {isa = PBXFileReference; explicitFileType = wrapper.application; includeInIndex = 0; path = "Timer Led Version 1.0.app"; sourceTree = BUILT_PRODUCTS_DIR; };
		DE87F38E1ECDA834009BE71F /* AppDelegate.swift */ = {isa = PBXFileReference; lastKnownFileType = sourcecode.swift; path = AppDelegate.swift; sourceTree = "<group>"; };
		DE87F3901ECDA834009BE71F /* ViewController.swift */ = {isa = PBXFileReference; lastKnownFileType = sourcecode.swift; path = ViewController.swift; sourceTree = "<group>"; };
		DE87F3931ECDA834009BE71F /* Base */ = {isa = PBXFileReference; lastKnownFileType = file.storyboard; name = Base; path = Base.lproj/Main.storyboard; sourceTree = "<group>"; };
		DE87F3951ECDA834009BE71F /* Assets.xcassets */ = {isa = PBXFileReference; lastKnownFileType = folder.assetcatalog; path = Assets.xcassets; sourceTree = "<group>"; };
		DE87F3981ECDA834009BE71F /* Base */ = {isa = PBXFileReference; lastKnownFileType = file.storyboard; name = Base; path = Base.lproj/LaunchScreen.storyboard; sourceTree = "<group>"; };
		DE87F39A1ECDA834009BE71F /* Info.plist */ = {isa = PBXFileReference; lastKnownFileType = text.plist.xml; path = Info.plist; sourceTree = "<group>"; };
/* End PBXFileReference section */

/* Begin PBXFrameworksBuildPhase section */
		DE87F3881ECDA834009BE71F /* Frameworks */ = {
			isa = PBXFrameworksBuildPhase;
			buildActionMask = 2147483647;
			files = (
			);
			runOnlyForDeploymentPostprocessing = 0;
		};
/* End PBXFrameworksBuildPhase section */

/* Begin PBXGroup section */
		DE87F3821ECDA834009BE71F = {
			isa = PBXGroup;
			children = (
				DE87F38D1ECDA834009BE71F /* Timer Led Version 1.0 */,
				DE87F38C1ECDA834009BE71F /* Products */,
			);
			sourceTree = "<group>";
		};
		DE87F38C1ECDA834009BE71F /* Products */ = {
			isa = PBXGroup;
			children = (
				DE87F38B1ECDA834009BE71F /* Timer Led Version 1.0.app */,
			);
			name = Products;
			sourceTree = "<group>";
		};
		DE87F38D1ECDA834009BE71F /* Timer Led Version 1.0 */ = {
			isa = PBXGroup;
			children = (
				DE87F38E1ECDA834009BE71F /* AppDelegate.swift */,
				DE87F3901ECDA834009BE71F /* ViewController.swift */,
				DE87F3921ECDA834009BE71F /* Main.storyboard */,
				DE87F3951ECDA834009BE71F /* Assets.xcassets */,
				DE87F3971ECDA834009BE71F /* LaunchScreen.storyboard */,
				DE87F39A1ECDA834009BE71F /* Info.plist */,
			);
			path = "Timer Led Version 1.0";
			sourceTree = "<group>";
		};
/* End PBXGroup section */

/* Begin PBXNativeTarget section */
		DE87F38A1ECDA834009BE71F /* Timer Led Version 1.0 */ = {
			isa = PBXNativeTarget;
			buildConfigurationList = DE87F39D1ECDA834009BE71F /* Build configuration list for PBXNativeTarget "Timer Led Version 1.0" */;
			buildPhases = (
				DE87F3871ECDA834009BE71F /* Sources */,
				DE87F3881ECDA834009BE71F /* Frameworks */,
				DE87F3891ECDA834009BE71F /* Resources */,
			);
			buildRules = (
			);
			dependencies = (
			);
			name = "Timer Led Version 1.0";
			productName = "Timer Led Version 1.0";
			productReference = DE87F38B1ECDA834009BE71F /* Timer Led Version 1.0.app */;
			productType = "com.apple.product-type.application";
		};
/* End PBXNativeTarget section */

/* Begin PBXProject section */
		DE87F3831ECDA834009BE71F /* Project object */ = {
			isa = PBXProject;
			attributes = {
				LastSwiftUpdateCheck = 0820;
				LastUpgradeCheck = 0820;
				ORGANIZATIONNAME = Viet;
				TargetAttributes = {
					DE87F38A1ECDA834009BE71F = {
						CreatedOnToolsVersion = 8.2.1;
						ProvisioningStyle = Automatic;
					};
				};
			};
			buildConfigurationList = DE87F3861ECDA834009BE71F /* Build configuration list for PBXProject "Timer Led Version 1.0" */;
			compatibilityVersion = "Xcode 3.2";
			developmentRegion = English;
			hasScannedForEncodings = 0;
			knownRegions = (
				en,
				Base,
			);
			mainGroup = DE87F3821ECDA834009BE71F;
			productRefGroup = DE87F38C1ECDA834009BE71F /* Products */;
			projectDirPath = "";
			projectRoot = "";
			targets = (
				DE87F38A1ECDA834009BE71F /* Timer Led Version 1.0 */,
			);
		};
/* End PBXProject section */

/* Begin PBXResourcesBuildPhase section */
		DE87F3891ECDA834009BE71F /* Resources */ = {
			isa = PBXResourcesBuildPhase;
			buildActionMask = 2147483647;
			files = (
				DE87F3991ECDA834009BE71F /* LaunchScreen.storyboard in Resources */,
				DE87F3961ECDA834009BE71F /* Assets.xcassets in Resources */,
				DE87F3941ECDA834009BE71F /* Main.storyboard in Resources */,
			);
			runOnlyForDeploymentPostprocessing = 0;
		};
/* End PBXResourcesBuildPhase section */

/* Begin PBXSourcesBuildPhase section */
		DE87F3871ECDA834009BE71F /* Sources */ = {
			isa = PBXSourcesBuildPhase;
			buildActionMask = 2147483647;
			files = (
				DE87F3911ECDA834009BE71F /* ViewController.swift in Sources */,
				DE87F38F1ECDA834009BE71F /* AppDelegate.swift in Sources */,
			);
			runOnlyForDeploymentPostprocessing = 0;
		};
/* End PBXSourcesBuildPhase section */

/* Begin PBXVariantGroup section */
		DE87F3921ECDA834009BE71F /* Main.storyboard */ = {
			isa = PBXVariantGroup;
			children = (
				DE87F3931ECDA834009BE71F /* Base */,
			);
			name = Main.storyboard;
			sourceTree = "<group>";
		};
		DE87F3971ECDA834009BE71F /* LaunchScreen.storyboard */ = {
			isa = PBXVariantGroup;
			children = (
				DE87F3981ECDA834009BE71F /* Base */,
			);
			name = LaunchScreen.storyboard;
			sourceTree = "<group>";
		};
/* End PBXVariantGroup section */

/* Begin XCBuildConfiguration section */
		DE87F39B1ECDA834009BE71F /* Debug */ = {
			isa = XCBuildConfiguration;
			buildSettings = {
				ALWAYS_SEARCH_USER_PATHS = NO;
				CLANG_ANALYZER_NONNULL = YES;
				CLANG_CXX_LANGUAGE_STANDARD = "gnu++0x";
				CLANG_CXX_LIBRARY = "libc++";
				CLANG_ENABLE_MODULES = YES;
				CLANG_ENABLE_OBJC_ARC = YES;
				CLANG_WARN_BOOL_CONVERSION = YES;
				CLANG_WARN_CONSTANT_CONVERSION = YES;
				CLANG_WARN_DIRECT_OBJC_ISA_USAGE = YES_ERROR;
				CLANG_WARN_DOCUMENTATION_COMMENTS = YES;
				CLANG_WARN_EMPTY_BODY = YES;
				CLANG_WARN_ENUM_CONVERSION = YES;
				CLANG_WARN_INFINITE_RECURSION = YES;
				CLANG_WARN_INT_CONVERSION = YES;
				CLANG_WARN_OBJC_ROOT_CLASS = YES_ERROR;
				CLANG_WARN_SUSPICIOUS_MOVE = YES;
				CLANG_WARN_UNREACHABLE_CODE = YES;
				CLANG_WARN__DUPLICATE_METHOD_MATCH = YES;
				"CODE_SIGN_IDENTITY[sdk=iphoneos*]" = "iPhone Developer";
				COPY_PHASE_STRIP = NO;
				DEBUG_INFORMATION_FORMAT = dwarf;
				ENABLE_STRICT_OBJC_MSGSEND = YES;
				ENABLE_TESTABILITY = YES;
				GCC_C_LANGUAGE_STANDARD = gnu99;
				GCC_DYNAMIC_NO_PIC = NO;
				GCC_NO_COMMON_BLOCKS = YES;
				GCC_OPTIMIZATION_LEVEL = 0;
				GCC_PREPROCESSOR_DEFINITIONS = (
					"DEBUG=1",
					"$(inherited)",
				);
				GCC_WARN_64_TO_32_BIT_CONVERSION = YES;
				GCC_WARN_ABOUT_RETURN_TYPE = YES_ERROR;
				GCC_WARN_UNDECLARED_SELECTOR = YES;
				GCC_WARN_UNINITIALIZED_AUTOS = YES_AGGRESSIVE;
				GCC_WARN_UNUSED_FUNCTION = YES;
				GCC_WARN_UNUSED_VARIABLE = YES;
				IPHONEOS_DEPLOYMENT_TARGET = 10.2;
				MTL_ENABLE_DEBUG_INFO = YES;
				ONLY_ACTIVE_ARCH = YES;
				SDKROOT = iphoneos;
				SWIFT_ACTIVE_COMPILATION_CONDITIONS = DEBUG;
				SWIFT_OPTIMIZATION_LEVEL = "-Onone";
				TARGETED_DEVICE_FAMILY = "1,2";
			};
			name = Debug;
		};
		DE87F39C1ECDA834009BE71F /* Release */ = {
			isa = XCBuildConfiguration;
			buildSettings = {
				ALWAYS_SEARCH_USER_PATHS = NO;
				CLANG_ANALYZER_NONNULL = YES;
				CLANG_CXX_LANGUAGE_STANDARD = "gnu++0x";
				CLANG_CXX_LIBRARY = "libc++";
				CLANG_ENABLE_MODULES = YES;
				CLANG_ENABLE_OBJC_ARC = YES;
				CLANG_WARN_BOOL_CONVERSION = YES;
				CLANG_WARN_CONSTANT_CONVERSION = YES;
				CLANG_WARN_DIRECT_OBJC_ISA_USAGE = YES_ERROR;
				CLANG_WARN_DOCUMENTATION_COMMENTS = YES;
				CLANG_WARN_EMPTY_BODY = YES;
				CLANG_WARN_ENUM_CONVERSION = YES;
				CLANG_WARN_INFINITE_RECURSION = YES;
				CLANG_WARN_INT_CONVERSION = YES;
				CLANG_WARN_OBJC_ROOT_CLASS = YES_ERROR;
				CLANG_WARN_SUSPICIOUS_MOVE = YES;
				CLANG_WARN_UNREACHABLE_CODE = YES;
				CLANG_WARN__DUPLICATE_METHOD_MATCH = YES;
				"CODE_SIGN_IDENTITY[sdk=iphoneos*]" = "iPhone Developer";
				COPY_PHASE_STRIP = NO;
				DEBUG_INFORMATION_FORMAT = "dwarf-with-dsym";
				ENABLE_NS_ASSERTIONS = NO;
				ENABLE_STRICT_OBJC_MSGSEND = YES;
				GCC_C_LANGUAGE_STANDARD = gnu99;
				GCC_NO_COMMON_BLOCKS = YES;
				GCC_WARN_64_TO_32_BIT_CONVERSION = YES;
				GCC_WARN_ABOUT_RETURN_TYPE = YES_ERROR;
				GCC_WARN_UNDECLARED_SELECTOR = YES;
				GCC_WARN_UNINITIALIZED_AUTOS = YES_AGGRESSIVE;
				GCC_WARN_UNUSED_FUNCTION = YES;
				GCC_WARN_UNUSED_VARIABLE = YES;
				IPHONEOS_DEPLOYMENT_TARGET = 10.2;
				MTL_ENABLE_DEBUG_INFO = NO;
				SDKROOT = iphoneos;
				SWIFT_OPTIMIZATION_LEVEL = "-Owholemodule";
				TARGETED_DEVICE_FAMILY = "1,2";
				VALIDATE_PRODUCT = YES;
			};
			name = Release;
		};
		DE87F39E1ECDA834009BE71F /* Debug */ = {
			isa = XCBuildConfiguration;
			buildSettings = {
				ASSETCATALOG_COMPILER_APPICON_NAME = AppIcon;
				INFOPLIST_FILE = "Timer Led Version 1.0/Info.plist";
				LD_RUNPATH_SEARCH_PATHS = "$(inherited) @executable_path/Frameworks";
				PRODUCT_BUNDLE_IDENTIFIER = "Viet-s-Lab.Timer-Led-Version-1-0";
				PRODUCT_NAME = "$(TARGET_NAME)";
				SWIFT_VERSION = 3.0;
			};
			name = Debug;
		};
		DE87F39F1ECDA834009BE71F /* Release */ = {
			isa = XCBuildConfiguration;
			buildSettings = {
				ASSETCATALOG_COMPILER_APPICON_NAME = AppIcon;
				INFOPLIST_FILE = "Timer Led Version 1.0/Info.plist";
				LD_RUNPATH_SEARCH_PATHS = "$(inherited) @executable_path/Frameworks";
				PRODUCT_BUNDLE_IDENTIFIER = "Viet-s-Lab.Timer-Led-Version-1-0";
				PRODUCT_NAME = "$(TARGET_NAME)";
				SWIFT_VERSION = 3.0;
			};
			name = Release;
		};
/* End XCBuildConfiguration section */

/* Begin XCConfigurationList section */
		DE87F3861ECDA834009BE71F /* Build configuration list for PBXProject "Timer Led Version 1.0" */ = {
			isa = XCConfigurationList;
			buildConfigurations = (
				DE87F39B1ECDA834009BE71F /* Debug */,
				DE87F39C1ECDA834009BE71F /* Release */,
			);
			defaultConfigurationIsVisible = 0;
			defaultConfigurationName = Release;
		};
		DE87F39D1ECDA834009BE71F /* Build configuration list for PBXNativeTarget "Timer Led Version 1.0" */ = {
			isa = XCConfigurationList;
			buildConfigurations = (
				DE87F39E1ECDA834009BE71F /* Debug */,
				DE87F39F1ECDA834009BE71F /* Release */,
			);
			defaultConfigurationIsVisible = 0;
		};
/* End XCConfigurationList section */
	};
	rootObject = DE87F3831ECDA834009BE71F /* Project object */;
}
